// !$*UTF8*$!
{
	archiveVersion = 1;
	classes = {
	};
	objectVersion = 46;
	objects = {

/* Begin PBXBuildFile section */
		D15942BE1F63D0C300B494F1 /* MoodCollectionViewLayout.swift in Sources */ = {isa = PBXBuildFile; fileRef = D15942BD1F63D0C300B494F1 /* MoodCollectionViewLayout.swift */; };
		D1AE539C1F63AB36002A52AA /* Utility.swift in Sources */ = {isa = PBXBuildFile; fileRef = D1AE539B1F63AB36002A52AA /* Utility.swift */; };
		D1C5FEE61F629362001D4361 /* Gemini.framework in Frameworks */ = {isa = PBXBuildFile; fileRef = D1C5FEE51F629362001D4361 /* Gemini.framework */; };
		D1C5FEE91F629A04001D4361 /* MoodCollectionViewCell.swift in Sources */ = {isa = PBXBuildFile; fileRef = D1C5FEE81F629A04001D4361 /* MoodCollectionViewCell.swift */; };
		D1C5FEEB1F629A1C001D4361 /* MoodCollectionViewCell.xib in Resources */ = {isa = PBXBuildFile; fileRef = D1C5FEEA1F629A1C001D4361 /* MoodCollectionViewCell.xib */; };
		D1E130301F602728006886A4 /* AppDelegate.swift in Sources */ = {isa = PBXBuildFile; fileRef = D1E1302F1F602728006886A4 /* AppDelegate.swift */; };
		D1E130321F602728006886A4 /* MoodViewController.swift in Sources */ = {isa = PBXBuildFile; fileRef = D1E130311F602728006886A4 /* MoodViewController.swift */; };
		D1E130351F602728006886A4 /* Main.storyboard in Resources */ = {isa = PBXBuildFile; fileRef = D1E130331F602728006886A4 /* Main.storyboard */; };
		D1E130371F602728006886A4 /* Assets.xcassets in Resources */ = {isa = PBXBuildFile; fileRef = D1E130361F602728006886A4 /* Assets.xcassets */; };
		D1E1303A1F602728006886A4 /* LaunchScreen.storyboard in Resources */ = {isa = PBXBuildFile; fileRef = D1E130381F602728006886A4 /* LaunchScreen.storyboard */; };
		D1E130451F602728006886A4 /* Horizonal_AWATests.swift in Sources */ = {isa = PBXBuildFile; fileRef = D1E130441F602728006886A4 /* Horizonal_AWATests.swift */; };
		D1E130501F602728006886A4 /* Horizonal_AWAUITests.swift in Sources */ = {isa = PBXBuildFile; fileRef = D1E1304F1F602728006886A4 /* Horizonal_AWAUITests.swift */; };
		D1E130621F611A79006886A4 /* MoodNavigationController.swift in Sources */ = {isa = PBXBuildFile; fileRef = D1E130611F611A79006886A4 /* MoodNavigationController.swift */; };
/* End PBXBuildFile section */

/* Begin PBXContainerItemProxy section */
		D1E130411F602728006886A4 /* PBXContainerItemProxy */ = {
			isa = PBXContainerItemProxy;
			containerPortal = D1E130241F602728006886A4 /* Project object */;
			proxyType = 1;
			remoteGlobalIDString = D1E1302B1F602728006886A4;
			remoteInfo = "Horizonal-AWA";
		};
		D1E1304C1F602728006886A4 /* PBXContainerItemProxy */ = {
			isa = PBXContainerItemProxy;
			containerPortal = D1E130241F602728006886A4 /* Project object */;
			proxyType = 1;
			remoteGlobalIDString = D1E1302B1F602728006886A4;
			remoteInfo = "Horizonal-AWA";
		};
/* End PBXContainerItemProxy section */

/* Begin PBXFileReference section */
		D15942BD1F63D0C300B494F1 /* MoodCollectionViewLayout.swift */ = {isa = PBXFileReference; fileEncoding = 4; lastKnownFileType = sourcecode.swift; path = MoodCollectionViewLayout.swift; sourceTree = "<group>"; };
		D1AE539B1F63AB36002A52AA /* Utility.swift */ = {isa = PBXFileReference; fileEncoding = 4; lastKnownFileType = sourcecode.swift; path = Utility.swift; sourceTree = "<group>"; };
		D1C5FEE51F629362001D4361 /* Gemini.framework */ = {isa = PBXFileReference; lastKnownFileType = wrapper.framework; name = Gemini.framework; path = Carthage/Build/iOS/Gemini.framework; sourceTree = "<group>"; };
		D1C5FEE81F629A04001D4361 /* MoodCollectionViewCell.swift */ = {isa = PBXFileReference; fileEncoding = 4; lastKnownFileType = sourcecode.swift; path = MoodCollectionViewCell.swift; sourceTree = "<group>"; };
		D1C5FEEA1F629A1C001D4361 /* MoodCollectionViewCell.xib */ = {isa = PBXFileReference; fileEncoding = 4; lastKnownFileType = file.xib; path = MoodCollectionViewCell.xib; sourceTree = "<group>"; };
		D1E1302C1F602728006886A4 /* Horizonal-AWA.app */ = {isa = PBXFileReference; explicitFileType = wrapper.application; includeInIndex = 0; path = "Horizonal-AWA.app"; sourceTree = BUILT_PRODUCTS_DIR; };
		D1E1302F1F602728006886A4 /* AppDelegate.swift */ = {isa = PBXFileReference; lastKnownFileType = sourcecode.swift; path = AppDelegate.swift; sourceTree = "<group>"; };
		D1E130311F602728006886A4 /* MoodViewController.swift */ = {isa = PBXFileReference; lastKnownFileType = sourcecode.swift; path = MoodViewController.swift; sourceTree = "<group>"; };
		D1E130341F602728006886A4 /* Base */ = {isa = PBXFileReference; lastKnownFileType = file.storyboard; name = Base; path = Base.lproj/Main.storyboard; sourceTree = "<group>"; };
		D1E130361F602728006886A4 /* Assets.xcassets */ = {isa = PBXFileReference; lastKnownFileType = folder.assetcatalog; path = Assets.xcassets; sourceTree = "<group>"; };
		D1E130391F602728006886A4 /* Base */ = {isa = PBXFileReference; lastKnownFileType = file.storyboard; name = Base; path = Base.lproj/LaunchScreen.storyboard; sourceTree = "<group>"; };
		D1E1303B1F602728006886A4 /* Info.plist */ = {isa = PBXFileReference; lastKnownFileType = text.plist.xml; path = Info.plist; sourceTree = "<group>"; };
		D1E130401F602728006886A4 /* Horizonal-AWATests.xctest */ = {isa = PBXFileReference; explicitFileType = wrapper.cfbundle; includeInIndex = 0; path = "Horizonal-AWATests.xctest"; sourceTree = BUILT_PRODUCTS_DIR; };
		D1E130441F602728006886A4 /* Horizonal_AWATests.swift */ = {isa = PBXFileReference; lastKnownFileType = sourcecode.swift; path = Horizonal_AWATests.swift; sourceTree = "<group>"; };
		D1E130461F602728006886A4 /* Info.plist */ = {isa = PBXFileReference; lastKnownFileType = text.plist.xml; path = Info.plist; sourceTree = "<group>"; };
		D1E1304B1F602728006886A4 /* Horizonal-AWAUITests.xctest */ = {isa = PBXFileReference; explicitFileType = wrapper.cfbundle; includeInIndex = 0; path = "Horizonal-AWAUITests.xctest"; sourceTree = BUILT_PRODUCTS_DIR; };
		D1E1304F1F602728006886A4 /* Horizonal_AWAUITests.swift */ = {isa = PBXFileReference; lastKnownFileType = sourcecode.swift; path = Horizonal_AWAUITests.swift; sourceTree = "<group>"; };
		D1E130511F602728006886A4 /* Info.plist */ = {isa = PBXFileReference; lastKnownFileType = text.plist.xml; path = Info.plist; sourceTree = "<group>"; };
		D1E130611F611A79006886A4 /* MoodNavigationController.swift */ = {isa = PBXFileReference; fileEncoding = 4; lastKnownFileType = sourcecode.swift; path = MoodNavigationController.swift; sourceTree = "<group>"; };
/* End PBXFileReference section */

/* Begin PBXFrameworksBuildPhase section */
		D1E130291F602728006886A4 /* Frameworks */ = {
			isa = PBXFrameworksBuildPhase;
			buildActionMask = 2147483647;
			files = (
				D1C5FEE61F629362001D4361 /* Gemini.framework in Frameworks */,
			);
			runOnlyForDeploymentPostprocessing = 0;
		};
		D1E1303D1F602728006886A4 /* Frameworks */ = {
			isa = PBXFrameworksBuildPhase;
			buildActionMask = 2147483647;
			files = (
			);
			runOnlyForDeploymentPostprocessing = 0;
		};
		D1E130481F602728006886A4 /* Frameworks */ = {
			isa = PBXFrameworksBuildPhase;
			buildActionMask = 2147483647;
			files = (
			);
			runOnlyForDeploymentPostprocessing = 0;
		};
/* End PBXFrameworksBuildPhase section */

/* Begin PBXGroup section */
		D15942BC1F63D08100B494F1 /* Mood */ = {
			isa = PBXGroup;
			children = (
				D1E130611F611A79006886A4 /* MoodNavigationController.swift */,
				D1E130311F602728006886A4 /* MoodViewController.swift */,
				D15942BD1F63D0C300B494F1 /* MoodCollectionViewLayout.swift */,
				D1C5FEE81F629A04001D4361 /* MoodCollectionViewCell.swift */,
				D1C5FEEA1F629A1C001D4361 /* MoodCollectionViewCell.xib */,
			);
			name = Mood;
			sourceTree = "<group>";
		};
		D1C5FEE41F629362001D4361 /* Frameworks */ = {
			isa = PBXGroup;
			children = (
				D1C5FEE51F629362001D4361 /* Gemini.framework */,
			);
			name = Frameworks;
			sourceTree = "<group>";
		};
		D1E130231F602728006886A4 = {
			isa = PBXGroup;
			children = (
				D1E1302E1F602728006886A4 /* Horizonal-AWA */,
				D1E130431F602728006886A4 /* Horizonal-AWATests */,
				D1E1304E1F602728006886A4 /* Horizonal-AWAUITests */,
				D1E1302D1F602728006886A4 /* Products */,
				D1C5FEE41F629362001D4361 /* Frameworks */,
			);
			sourceTree = "<group>";
		};
		D1E1302D1F602728006886A4 /* Products */ = {
			isa = PBXGroup;
			children = (
				D1E1302C1F602728006886A4 /* Horizonal-AWA.app */,
				D1E130401F602728006886A4 /* Horizonal-AWATests.xctest */,
				D1E1304B1F602728006886A4 /* Horizonal-AWAUITests.xctest */,
			);
			name = Products;
			sourceTree = "<group>";
		};
		D1E1302E1F602728006886A4 /* Horizonal-AWA */ = {
			isa = PBXGroup;
			children = (
				D1E1302F1F602728006886A4 /* AppDelegate.swift */,
				D1AE539B1F63AB36002A52AA /* Utility.swift */,
				D15942BC1F63D08100B494F1 /* Mood */,
				D1E130331F602728006886A4 /* Main.storyboard */,
				D1E130361F602728006886A4 /* Assets.xcassets */,
				D1E130381F602728006886A4 /* LaunchScreen.storyboard */,
				D1E1303B1F602728006886A4 /* Info.plist */,
			);
			path = "Horizonal-AWA";
			sourceTree = "<group>";
		};
		D1E130431F602728006886A4 /* Horizonal-AWATests */ = {
			isa = PBXGroup;
			children = (
				D1E130441F602728006886A4 /* Horizonal_AWATests.swift */,
				D1E130461F602728006886A4 /* Info.plist */,
			);
			path = "Horizonal-AWATests";
			sourceTree = "<group>";
		};
		D1E1304E1F602728006886A4 /* Horizonal-AWAUITests */ = {
			isa = PBXGroup;
			children = (
				D1E1304F1F602728006886A4 /* Horizonal_AWAUITests.swift */,
				D1E130511F602728006886A4 /* Info.plist */,
			);
			path = "Horizonal-AWAUITests";
			sourceTree = "<group>";
		};
/* End PBXGroup section */

/* Begin PBXNativeTarget section */
		D1E1302B1F602728006886A4 /* Horizonal-AWA */ = {
			isa = PBXNativeTarget;
			buildConfigurationList = D1E130541F602728006886A4 /* Build configuration list for PBXNativeTarget "Horizonal-AWA" */;
			buildPhases = (
				D1E130281F602728006886A4 /* Sources */,
				D1E130291F602728006886A4 /* Frameworks */,
				D1E1302A1F602728006886A4 /* Resources */,
				D1C5FEE71F629368001D4361 /* ShellScript */,
			);
			buildRules = (
			);
			dependencies = (
			);
			name = "Horizonal-AWA";
			productName = "Horizonal-AWA";
			productReference = D1E1302C1F602728006886A4 /* Horizonal-AWA.app */;
			productType = "com.apple.product-type.application";
		};
		D1E1303F1F602728006886A4 /* Horizonal-AWATests */ = {
			isa = PBXNativeTarget;
			buildConfigurationList = D1E130571F602728006886A4 /* Build configuration list for PBXNativeTarget "Horizonal-AWATests" */;
			buildPhases = (
				D1E1303C1F602728006886A4 /* Sources */,
				D1E1303D1F602728006886A4 /* Frameworks */,
				D1E1303E1F602728006886A4 /* Resources */,
			);
			buildRules = (
			);
			dependencies = (
				D1E130421F602728006886A4 /* PBXTargetDependency */,
			);
			name = "Horizonal-AWATests";
			productName = "Horizonal-AWATests";
			productReference = D1E130401F602728006886A4 /* Horizonal-AWATests.xctest */;
			productType = "com.apple.product-type.bundle.unit-test";
		};
		D1E1304A1F602728006886A4 /* Horizonal-AWAUITests */ = {
			isa = PBXNativeTarget;
			buildConfigurationList = D1E1305A1F602728006886A4 /* Build configuration list for PBXNativeTarget "Horizonal-AWAUITests" */;
			buildPhases = (
				D1E130471F602728006886A4 /* Sources */,
				D1E130481F602728006886A4 /* Frameworks */,
				D1E130491F602728006886A4 /* Resources */,
			);
			buildRules = (
			);
			dependencies = (
				D1E1304D1F602728006886A4 /* PBXTargetDependency */,
			);
			name = "Horizonal-AWAUITests";
			productName = "Horizonal-AWAUITests";
			productReference = D1E1304B1F602728006886A4 /* Horizonal-AWAUITests.xctest */;
			productType = "com.apple.product-type.bundle.ui-testing";
		};
/* End PBXNativeTarget section */

/* Begin PBXProject section */
		D1E130241F602728006886A4 /* Project object */ = {
			isa = PBXProject;
			attributes = {
				LastSwiftUpdateCheck = 0830;
				LastUpgradeCheck = 0830;
				ORGANIZATIONNAME = "Yuto Akiba";
				TargetAttributes = {
					D1E1302B1F602728006886A4 = {
						CreatedOnToolsVersion = 8.3.2;
						DevelopmentTeam = V8AZ23YEL4;
						ProvisioningStyle = Automatic;
					};
					D1E1303F1F602728006886A4 = {
						CreatedOnToolsVersion = 8.3.2;
						DevelopmentTeam = V8AZ23YEL4;
						ProvisioningStyle = Automatic;
						TestTargetID = D1E1302B1F602728006886A4;
					};
					D1E1304A1F602728006886A4 = {
						CreatedOnToolsVersion = 8.3.2;
						DevelopmentTeam = V8AZ23YEL4;
						ProvisioningStyle = Automatic;
						TestTargetID = D1E1302B1F602728006886A4;
					};
				};
			};
			buildConfigurationList = D1E130271F602728006886A4 /* Build configuration list for PBXProject "Horizonal-AWA" */;
			compatibilityVersion = "Xcode 3.2";
			developmentRegion = English;
			hasScannedForEncodings = 0;
			knownRegions = (
				en,
				Base,
			);
			mainGroup = D1E130231F602728006886A4;
			productRefGroup = D1E1302D1F602728006886A4 /* Products */;
			projectDirPath = "";
			projectRoot = "";
			targets = (
				D1E1302B1F602728006886A4 /* Horizonal-AWA */,
				D1E1303F1F602728006886A4 /* Horizonal-AWATests */,
				D1E1304A1F602728006886A4 /* Horizonal-AWAUITests */,
			);
		};
/* End PBXProject section */

/* Begin PBXResourcesBuildPhase section */
		D1E1302A1F602728006886A4 /* Resources */ = {
			isa = PBXResourcesBuildPhase;
			buildActionMask = 2147483647;
			files = (
				D1E1303A1F602728006886A4 /* LaunchScreen.storyboard in Resources */,
				D1C5FEEB1F629A1C001D4361 /* MoodCollectionViewCell.xib in Resources */,
				D1E130371F602728006886A4 /* Assets.xcassets in Resources */,
				D1E130351F602728006886A4 /* Main.storyboard in Resources */,
			);
			runOnlyForDeploymentPostprocessing = 0;
		};
		D1E1303E1F602728006886A4 /* Resources */ = {
			isa = PBXResourcesBuildPhase;
			buildActionMask = 2147483647;
			files = (
			);
			runOnlyForDeploymentPostprocessing = 0;
		};
		D1E130491F602728006886A4 /* Resources */ = {
			isa = PBXResourcesBuildPhase;
			buildActionMask = 2147483647;
			files = (
			);
			runOnlyForDeploymentPostprocessing = 0;
		};
/* End PBXResourcesBuildPhase section */

/* Begin PBXShellScriptBuildPhase section */
		D1C5FEE71F629368001D4361 /* ShellScript */ = {
			isa = PBXShellScriptBuildPhase;
			buildActionMask = 2147483647;
			files = (
			);
			inputPaths = (
				"$(SRCROOT)/Carthage/Build/iOS/Gemini.framework",
			);
			outputPaths = (
			);
			runOnlyForDeploymentPostprocessing = 0;
			shellPath = /bin/sh;
			shellScript = "/usr/local/bin/carthage copy-frameworks";
		};
/* End PBXShellScriptBuildPhase section */

/* Begin PBXSourcesBuildPhase section */
		D1E130281F602728006886A4 /* Sources */ = {
			isa = PBXSourcesBuildPhase;
			buildActionMask = 2147483647;
			files = (
				D1AE539C1F63AB36002A52AA /* Utility.swift in Sources */,
				D1E130321F602728006886A4 /* MoodViewController.swift in Sources */,
				D1C5FEE91F629A04001D4361 /* MoodCollectionViewCell.swift in Sources */,
				D15942BE1F63D0C300B494F1 /* MoodCollectionViewLayout.swift in Sources */,
				D1E130301F602728006886A4 /* AppDelegate.swift in Sources */,
				D1E130621F611A79006886A4 /* MoodNavigationController.swift in Sources */,
			);
			runOnlyForDeploymentPostprocessing = 0;
		};
		D1E1303C1F602728006886A4 /* Sources */ = {
			isa = PBXSourcesBuildPhase;
			buildActionMask = 2147483647;
			files = (
				D1E130451F602728006886A4 /* Horizonal_AWATests.swift in Sources */,
			);
			runOnlyForDeploymentPostprocessing = 0;
		};
		D1E130471F602728006886A4 /* Sources */ = {
			isa = PBXSourcesBuildPhase;
			buildActionMask = 2147483647;
			files = (
				D1E130501F602728006886A4 /* Horizonal_AWAUITests.swift in Sources */,
			);
			runOnlyForDeploymentPostprocessing = 0;
		};
/* End PBXSourcesBuildPhase section */

/* Begin PBXTargetDependency section */
		D1E130421F602728006886A4 /* PBXTargetDependency */ = {
			isa = PBXTargetDependency;
			target = D1E1302B1F602728006886A4 /* Horizonal-AWA */;
			targetProxy = D1E130411F602728006886A4 /* PBXContainerItemProxy */;
		};
		D1E1304D1F602728006886A4 /* PBXTargetDependency */ = {
			isa = PBXTargetDependency;
			target = D1E1302B1F602728006886A4 /* Horizonal-AWA */;
			targetProxy = D1E1304C1F602728006886A4 /* PBXContainerItemProxy */;
		};
/* End PBXTargetDependency section */

/* Begin PBXVariantGroup section */
		D1E130331F602728006886A4 /* Main.storyboard */ = {
			isa = PBXVariantGroup;
			children = (
				D1E130341F602728006886A4 /* Base */,
			);
			name = Main.storyboard;
			sourceTree = "<group>";
		};
		D1E130381F602728006886A4 /* LaunchScreen.storyboard */ = {
			isa = PBXVariantGroup;
			children = (
				D1E130391F602728006886A4 /* Base */,
			);
			name = LaunchScreen.storyboard;
			sourceTree = "<group>";
		};
/* End PBXVariantGroup section */

/* Begin XCBuildConfiguration section */
		D1E130521F602728006886A4 /* Debug */ = {
			isa = XCBuildConfiguration;
			buildSettings = {
				ALWAYS_SEARCH_USER_PATHS = NO;
				CLANG_ANALYZER_NONNULL = YES;
				CLANG_ANALYZER_NUMBER_OBJECT_CONVERSION = YES_AGGRESSIVE;
				CLANG_CXX_LANGUAGE_STANDARD = "gnu++0x";
				CLANG_CXX_LIBRARY = "libc++";
				CLANG_ENABLE_MODULES = YES;
				CLANG_ENABLE_OBJC_ARC = YES;
				CLANG_WARN_BOOL_CONVERSION = YES;
				CLANG_WARN_CONSTANT_CONVERSION = YES;
				CLANG_WARN_DIRECT_OBJC_ISA_USAGE = YES_ERROR;
				CLANG_WARN_DOCUMENTATION_COMMENTS = YES;
				CLANG_WARN_EMPTY_BODY = YES;
				CLANG_WARN_ENUM_CONVERSION = YES;
				CLANG_WARN_INFINITE_RECURSION = YES;
				CLANG_WARN_INT_CONVERSION = YES;
				CLANG_WARN_OBJC_ROOT_CLASS = YES_ERROR;
				CLANG_WARN_SUSPICIOUS_MOVE = YES;
				CLANG_WARN_UNREACHABLE_CODE = YES;
				CLANG_WARN__DUPLICATE_METHOD_MATCH = YES;
				"CODE_SIGN_IDENTITY[sdk=iphoneos*]" = "iPhone Developer";
				COPY_PHASE_STRIP = NO;
				DEBUG_INFORMATION_FORMAT = dwarf;
				ENABLE_STRICT_OBJC_MSGSEND = YES;
				ENABLE_TESTABILITY = YES;
				GCC_C_LANGUAGE_STANDARD = gnu99;
				GCC_DYNAMIC_NO_PIC = NO;
				GCC_NO_COMMON_BLOCKS = YES;
				GCC_OPTIMIZATION_LEVEL = 0;
				GCC_PREPROCESSOR_DEFINITIONS = (
					"DEBUG=1",
					"$(inherited)",
				);
				GCC_WARN_64_TO_32_BIT_CONVERSION = YES;
				GCC_WARN_ABOUT_RETURN_TYPE = YES_ERROR;
				GCC_WARN_UNDECLARED_SELECTOR = YES;
				GCC_WARN_UNINITIALIZED_AUTOS = YES_AGGRESSIVE;
				GCC_WARN_UNUSED_FUNCTION = YES;
				GCC_WARN_UNUSED_VARIABLE = YES;
				IPHONEOS_DEPLOYMENT_TARGET = 10.3;
				MTL_ENABLE_DEBUG_INFO = YES;
				ONLY_ACTIVE_ARCH = YES;
				SDKROOT = iphoneos;
				SWIFT_ACTIVE_COMPILATION_CONDITIONS = DEBUG;
				SWIFT_OPTIMIZATION_LEVEL = "-Onone";
				TARGETED_DEVICE_FAMILY = "1,2";
			};
			name = Debug;
		};
		D1E130531F602728006886A4 /* Release */ = {
			isa = XCBuildConfiguration;
			buildSettings = {
				ALWAYS_SEARCH_USER_PATHS = NO;
				CLANG_ANALYZER_NONNULL = YES;
				CLANG_ANALYZER_NUMBER_OBJECT_CONVERSION = YES_AGGRESSIVE;
				CLANG_CXX_LANGUAGE_STANDARD = "gnu++0x";
				CLANG_CXX_LIBRARY = "libc++";
				CLANG_ENABLE_MODULES = YES;
				CLANG_ENABLE_OBJC_ARC = YES;
				CLANG_WARN_BOOL_CONVERSION = YES;
				CLANG_WARN_CONSTANT_CONVERSION = YES;
				CLANG_WARN_DIRECT_OBJC_ISA_USAGE = YES_ERROR;
				CLANG_WARN_DOCUMENTATION_COMMENTS = YES;
				CLANG_WARN_EMPTY_BODY = YES;
				CLANG_WARN_ENUM_CONVERSION = YES;
				CLANG_WARN_INFINITE_RECURSION = YES;
				CLANG_WARN_INT_CONVERSION = YES;
				CLANG_WARN_OBJC_ROOT_CLASS = YES_ERROR;
				CLANG_WARN_SUSPICIOUS_MOVE = YES;
				CLANG_WARN_UNREACHABLE_CODE = YES;
				CLANG_WARN__DUPLICATE_METHOD_MATCH = YES;
				"CODE_SIGN_IDENTITY[sdk=iphoneos*]" = "iPhone Developer";
				COPY_PHASE_STRIP = NO;
				DEBUG_INFORMATION_FORMAT = "dwarf-with-dsym";
				ENABLE_NS_ASSERTIONS = NO;
				ENABLE_STRICT_OBJC_MSGSEND = YES;
				GCC_C_LANGUAGE_STANDARD = gnu99;
				GCC_NO_COMMON_BLOCKS = YES;
				GCC_WARN_64_TO_32_BIT_CONVERSION = YES;
				GCC_WARN_ABOUT_RETURN_TYPE = YES_ERROR;
				GCC_WARN_UNDECLARED_SELECTOR = YES;
				GCC_WARN_UNINITIALIZED_AUTOS = YES_AGGRESSIVE;
				GCC_WARN_UNUSED_FUNCTION = YES;
				GCC_WARN_UNUSED_VARIABLE = YES;
				IPHONEOS_DEPLOYMENT_TARGET = 10.3;
				MTL_ENABLE_DEBUG_INFO = NO;
				SDKROOT = iphoneos;
				SWIFT_OPTIMIZATION_LEVEL = "-Owholemodule";
				TARGETED_DEVICE_FAMILY = "1,2";
				VALIDATE_PRODUCT = YES;
			};
			name = Release;
		};
		D1E130551F602728006886A4 /* Debug */ = {
			isa = XCBuildConfiguration;
			buildSettings = {
				ASSETCATALOG_COMPILER_APPICON_NAME = AppIcon;
				DEVELOPMENT_TEAM = V8AZ23YEL4;
				FRAMEWORK_SEARCH_PATHS = (
					"$(inherited)",
					"$(PROJECT_DIR)/Carthage/Build/iOS",
				);
				INFOPLIST_FILE = "Horizonal-AWA/Info.plist";
				LD_RUNPATH_SEARCH_PATHS = "$(inherited) @executable_path/Frameworks";
				PRODUCT_BUNDLE_IDENTIFIER = "com.YutoAkiba.Horizonal-AWA";
				PRODUCT_NAME = "$(TARGET_NAME)";
				SWIFT_VERSION = 3.0;
			};
			name = Debug;
		};
		D1E130561F602728006886A4 /* Release */ = {
			isa = XCBuildConfiguration;
			buildSettings = {
				ASSETCATALOG_COMPILER_APPICON_NAME = AppIcon;
				DEVELOPMENT_TEAM = V8AZ23YEL4;
				FRAMEWORK_SEARCH_PATHS = (
					"$(inherited)",
					"$(PROJECT_DIR)/Carthage/Build/iOS",
				);
				INFOPLIST_FILE = "Horizonal-AWA/Info.plist";
				LD_RUNPATH_SEARCH_PATHS = "$(inherited) @executable_path/Frameworks";
				PRODUCT_BUNDLE_IDENTIFIER = "com.YutoAkiba.Horizonal-AWA";
				PRODUCT_NAME = "$(TARGET_NAME)";
				SWIFT_VERSION = 3.0;
			};
			name = Release;
		};
		D1E130581F602728006886A4 /* Debug */ = {
			isa = XCBuildConfiguration;
			buildSettings = {
				ALWAYS_EMBED_SWIFT_STANDARD_LIBRARIES = YES;
				BUNDLE_LOADER = "$(TEST_HOST)";
				DEVELOPMENT_TEAM = V8AZ23YEL4;
				INFOPLIST_FILE = "Horizonal-AWATests/Info.plist";
				LD_RUNPATH_SEARCH_PATHS = "$(inherited) @executable_path/Frameworks @loader_path/Frameworks";
				PRODUCT_BUNDLE_IDENTIFIER = "com.YutoAkiba.Horizonal-AWATests";
				PRODUCT_NAME = "$(TARGET_NAME)";
				SWIFT_VERSION = 3.0;
				TEST_HOST = "$(BUILT_PRODUCTS_DIR)/Horizonal-AWA.app/Horizonal-AWA";
			};
			name = Debug;
		};
		D1E130591F602728006886A4 /* Release */ = {
			isa = XCBuildConfiguration;
			buildSettings = {
				ALWAYS_EMBED_SWIFT_STANDARD_LIBRARIES = YES;
				BUNDLE_LOADER = "$(TEST_HOST)";
				DEVELOPMENT_TEAM = V8AZ23YEL4;
				INFOPLIST_FILE = "Horizonal-AWATests/Info.plist";
				LD_RUNPATH_SEARCH_PATHS = "$(inherited) @executable_path/Frameworks @loader_path/Frameworks";
				PRODUCT_BUNDLE_IDENTIFIER = "com.YutoAkiba.Horizonal-AWATests";
				PRODUCT_NAME = "$(TARGET_NAME)";
				SWIFT_VERSION = 3.0;
				TEST_HOST = "$(BUILT_PRODUCTS_DIR)/Horizonal-AWA.app/Horizonal-AWA";
			};
			name = Release;
		};
		D1E1305B1F602728006886A4 /* Debug */ = {
			isa = XCBuildConfiguration;
			buildSettings = {
				ALWAYS_EMBED_SWIFT_STANDARD_LIBRARIES = YES;
				DEVELOPMENT_TEAM = V8AZ23YEL4;
				INFOPLIST_FILE = "Horizonal-AWAUITests/Info.plist";
				LD_RUNPATH_SEARCH_PATHS = "$(inherited) @executable_path/Frameworks @loader_path/Frameworks";
				PRODUCT_BUNDLE_IDENTIFIER = "com.YutoAkiba.Horizonal-AWAUITests";
				PRODUCT_NAME = "$(TARGET_NAME)";
				SWIFT_VERSION = 3.0;
				TEST_TARGET_NAME = "Horizonal-AWA";
			};
			name = Debug;
		};
		D1E1305C1F602728006886A4 /* Release */ = {
			isa = XCBuildConfiguration;
			buildSettings = {
				ALWAYS_EMBED_SWIFT_STANDARD_LIBRARIES = YES;
				DEVELOPMENT_TEAM = V8AZ23YEL4;
				INFOPLIST_FILE = "Horizonal-AWAUITests/Info.plist";
				LD_RUNPATH_SEARCH_PATHS = "$(inherited) @executable_path/Frameworks @loader_path/Frameworks";
				PRODUCT_BUNDLE_IDENTIFIER = "com.YutoAkiba.Horizonal-AWAUITests";
				PRODUCT_NAME = "$(TARGET_NAME)";
				SWIFT_VERSION = 3.0;
				TEST_TARGET_NAME = "Horizonal-AWA";
			};
			name = Release;
		};
/* End XCBuildConfiguration section */

/* Begin XCConfigurationList section */
		D1E130271F602728006886A4 /* Build configuration list for PBXProject "Horizonal-AWA" */ = {
			isa = XCConfigurationList;
			buildConfigurations = (
				D1E130521F602728006886A4 /* Debug */,
				D1E130531F602728006886A4 /* Release */,
			);
			defaultConfigurationIsVisible = 0;
			defaultConfigurationName = Release;
		};
		D1E130541F602728006886A4 /* Build configuration list for PBXNativeTarget "Horizonal-AWA" */ = {
			isa = XCConfigurationList;
			buildConfigurations = (
				D1E130551F602728006886A4 /* Debug */,
				D1E130561F602728006886A4 /* Release */,
			);
			defaultConfigurationIsVisible = 0;
			defaultConfigurationName = Release;
		};
		D1E130571F602728006886A4 /* Build configuration list for PBXNativeTarget "Horizonal-AWATests" */ = {
			isa = XCConfigurationList;
			buildConfigurations = (
				D1E130581F602728006886A4 /* Debug */,
				D1E130591F602728006886A4 /* Release */,
			);
			defaultConfigurationIsVisible = 0;
			defaultConfigurationName = Release;
		};
		D1E1305A1F602728006886A4 /* Build configuration list for PBXNativeTarget "Horizonal-AWAUITests" */ = {
			isa = XCConfigurationList;
			buildConfigurations = (
				D1E1305B1F602728006886A4 /* Debug */,
				D1E1305C1F602728006886A4 /* Release */,
			);
			defaultConfigurationIsVisible = 0;
			defaultConfigurationName = Release;
		};
/* End XCConfigurationList section */
	};
	rootObject = D1E130241F602728006886A4 /* Project object */;
}
